hash: 1d675b89f17f5b557ef2bf32c1e0af3a57ba06dd07519c7eb06096239194cbe0
updated: 2019-08-20T22:22:10.044315757-04:00
imports:
- name: github.com/davecgh/go-spew
  version: d8f796af33cc11cb798c1aaeb27a4ebc5099927d
  subpackages:
  - spew
- name: github.com/evanphx/json-patch
  version: e83c0a1c26c884f8ec4fb743f6db92a941f605f1
- name: github.com/ghodss/yaml
  version: 25d852aebe32c875e9c044af3eef9c7dc6bc777f
- name: github.com/gogo/protobuf
  version: 4c00d2f19fb91be5fecd8681fa83450a2a979e69
  subpackages:
  - proto
  - sortkeys
- name: github.com/golang/protobuf
  version: 4c88cc3f1a34ffade77b79abc53335d1e511f25b
  subpackages:
  - proto
  - ptypes
  - ptypes/any
  - ptypes/duration
  - ptypes/timestamp
- name: github.com/google/go-cmp
  version: 2d0692c2e9617365a95b295612ac0d4415ba4627
  subpackages:
  - cmp
  - cmp/internal/diff
  - cmp/internal/flags
  - cmp/internal/function
  - cmp/internal/value
- name: github.com/google/gofuzz
  version: f140a6486e521aad38f5917de355cbf147cc0496
- name: github.com/googleapis/gnostic
  version: 5b21ca1c19aa52ca21bcd9ed128f8eb2936c71d8
  subpackages:
  - OpenAPIv2
  - compiler
  - extensions
- name: github.com/hashicorp/golang-lru
  version: 7f827b33c0f158ec5dfbba01bb0b14a4541fd81d
  subpackages:
  - simplelru
- name: github.com/imdario/mergo
  version: 4c317f2286be3bd0c4f1a0e622edc6398ec4656d
- name: github.com/jaypipes/ghw
  version: 29869ac89830376f4997b823e455dac004acce4e
- name: github.com/jaypipes/pcidb
  version: 98ef3ee36c69f20650fe7855047ad042338c6983
- name: github.com/json-iterator/go
  version: 27518f6661eba504be5a7a9a9f6d9460d892ade3
- name: github.com/mitchellh/go-homedir
  version: af06845cf3004701891bf4fdb884bfe4920b3727
- name: github.com/modern-go/concurrent
  version: bacd9c7ef1dd9b15be4a9909b8ac7a4e313eec94
- name: github.com/modern-go/reflect2
  version: 94122c33edd36123c84d5368cfb2b69df93a0ec8
- name: github.com/pkg/errors
  version: ba968bfe8b2f7e042a574c888954fccecfa385b4
- name: github.com/spf13/pflag
  version: 972238283c0625cf3e881de7699ba8f2524c340a
- name: golang.org/x/crypto
  version: 60c769a6c58655dab1b9adac0d58967dd517cfba
  subpackages:
  - ssh/terminal
- name: golang.org/x/net
  version: 74dc4d7220e7acc4e100824340f3e66577424772
  subpackages:
  - context
  - context/ctxhttp
  - http/httpguts
  - http2
  - http2/hpack
  - idna
- name: golang.org/x/oauth2
  version: 0f29369cfe4552d0e4bcddc57cc75f4d7e672a33
  subpackages:
  - internal
- name: golang.org/x/sys
  version: fde4db37ae7ad8191b03d30d27f258b5291ae4e3
  subpackages:
  - unix
  - windows
- name: golang.org/x/text
  version: 342b2e1fbaa52c93f31447ad2c6abc048c63e475
  subpackages:
  - secure/bidirule
  - transform
  - unicode/bidi
  - unicode/norm
- name: golang.org/x/time
  version: 9d24e82272b4f38b78bc8cff74fa936d31ccd8ef
  subpackages:
  - rate
- name: golang.org/x/tools
  version: 547ecf7b1ef191ac7fb91078460aa55f0fb4416d
- name: google.golang.org/appengine
  version: fb139bde60fa77cede04f226b4d5a3cf68dcce27
  subpackages:
  - internal
  - internal/base
  - internal/datastore
  - internal/log
  - internal/remote_api
  - internal/urlfetch
  - urlfetch
- name: gopkg.in/inf.v0
  version: d2d2541c53f18d2a059457998ce2876cc8e67cbf
- name: gopkg.in/yaml.v2
  version: 51d6538a90f86fe93ac480b35f37b2be17fef232
- name: howett.net/plist
  version: 591f970eefbbeb04d7b37f334a0c4c3256e32876
- name: k8s.io/api
  version: d651a1528133f00fab57f5bf42fb26500e8aa406
  subpackages:
  - admissionregistration/v1beta1
  - apps/v1
  - apps/v1beta1
  - apps/v1beta2
  - auditregistration/v1alpha1
  - authentication/v1
  - authentication/v1beta1
  - authorization/v1
  - authorization/v1beta1
  - autoscaling/v1
  - autoscaling/v2beta1
  - autoscaling/v2beta2
  - batch/v1
  - batch/v1beta1
  - batch/v2alpha1
  - certificates/v1beta1
  - coordination/v1
  - coordination/v1beta1
  - core/v1
  - events/v1beta1
  - extensions/v1beta1
  - networking/v1
  - networking/v1beta1
  - node/v1alpha1
  - node/v1beta1
  - policy/v1beta1
  - rbac/v1
  - rbac/v1alpha1
  - rbac/v1beta1
  - scheduling/v1
  - scheduling/v1alpha1
  - scheduling/v1beta1
  - settings/v1alpha1
  - storage/v1
  - storage/v1alpha1
  - storage/v1beta1
- name: k8s.io/apimachinery
  version: ac02f8882ef690d3030ad4230a947f01d83fafe9
  subpackages:
  - pkg/api/errors
  - pkg/api/meta
  - pkg/api/resource
  - pkg/apis/meta/internalversion
  - pkg/apis/meta/v1
  - pkg/apis/meta/v1/unstructured
  - pkg/apis/meta/v1beta1
  - pkg/conversion
  - pkg/conversion/queryparams
  - pkg/fields
  - pkg/labels
  - pkg/runtime
  - pkg/runtime/schema
  - pkg/runtime/serializer
  - pkg/runtime/serializer/json
  - pkg/runtime/serializer/protobuf
  - pkg/runtime/serializer/recognizer
  - pkg/runtime/serializer/streaming
  - pkg/runtime/serializer/versioning
  - pkg/selection
  - pkg/types
  - pkg/util/cache
  - pkg/util/clock
  - pkg/util/diff
  - pkg/util/errors
  - pkg/util/framer
  - pkg/util/intstr
  - pkg/util/json
  - pkg/util/mergepatch
  - pkg/util/naming
  - pkg/util/net
  - pkg/util/runtime
  - pkg/util/sets
  - pkg/util/strategicpatch
  - pkg/util/validation
  - pkg/util/validation/field
  - pkg/util/wait
  - pkg/util/yaml
  - pkg/version
  - pkg/watch
  - third_party/forked/golang/json
  - third_party/forked/golang/reflect
- name: k8s.io/client-go
  version: 78d2af792babf2dd937ba2e2a8d99c753a5eda89
  subpackages:
  - discovery
  - discovery/fake
  - kubernetes
  - kubernetes/scheme
  - kubernetes/typed/admissionregistration/v1beta1
  - kubernetes/typed/apps/v1
  - kubernetes/typed/apps/v1beta1
  - kubernetes/typed/apps/v1beta2
  - kubernetes/typed/auditregistration/v1alpha1
  - kubernetes/typed/authentication/v1
  - kubernetes/typed/authentication/v1beta1
  - kubernetes/typed/authorization/v1
  - kubernetes/typed/authorization/v1beta1
  - kubernetes/typed/autoscaling/v1
  - kubernetes/typed/autoscaling/v2beta1
  - kubernetes/typed/autoscaling/v2beta2
  - kubernetes/typed/batch/v1
  - kubernetes/typed/batch/v1beta1
  - kubernetes/typed/batch/v2alpha1
  - kubernetes/typed/certificates/v1beta1
  - kubernetes/typed/coordination/v1
  - kubernetes/typed/coordination/v1beta1
  - kubernetes/typed/core/v1
  - kubernetes/typed/events/v1beta1
  - kubernetes/typed/extensions/v1beta1
  - kubernetes/typed/networking/v1
  - kubernetes/typed/networking/v1beta1
  - kubernetes/typed/node/v1alpha1
  - kubernetes/typed/node/v1beta1
  - kubernetes/typed/policy/v1beta1
  - kubernetes/typed/rbac/v1
  - kubernetes/typed/rbac/v1alpha1
  - kubernetes/typed/rbac/v1beta1
  - kubernetes/typed/scheduling/v1
  - kubernetes/typed/scheduling/v1alpha1
  - kubernetes/typed/scheduling/v1beta1
  - kubernetes/typed/settings/v1alpha1
  - kubernetes/typed/storage/v1
  - kubernetes/typed/storage/v1alpha1
  - kubernetes/typed/storage/v1beta1
  - pkg/apis/clientauthentication
  - pkg/apis/clientauthentication/v1alpha1
  - pkg/apis/clientauthentication/v1beta1
  - pkg/version
  - plugin/pkg/client/auth/exec
  - rest
  - rest/watch
  - testing
  - tools/auth
  - tools/cache
  - tools/clientcmd
  - tools/clientcmd/api
  - tools/clientcmd/api/latest
  - tools/clientcmd/api/v1
  - tools/metrics
  - tools/pager
  - tools/reference
  - transport
  - util/cert
  - util/connrotation
  - util/flowcontrol
  - util/homedir
  - util/keyutil
  - util/retry
- name: k8s.io/code-generator
  version: 4a676795660bdc3fc0486dbc9c094241642f492d
- name: k8s.io/gengo
  version: 955ffa8fcfc983717cd9de5d2a1e9f5c465f4376
- name: k8s.io/klog
  version: 3ca30a56d8a775276f9cdae009ba326fdc05af7f
- name: k8s.io/kube-openapi
  version: 743ec37842bffe49dd4221d9026f30fb1d5adbc4
  subpackages:
  - pkg/util/proto
- name: k8s.io/utils
  version: 6c36bc71fc4aeb1f49801054e71aebdaef1fbeb4
  subpackages:
  - buffer
  - integer
  - trace
- name: sigs.k8s.io/yaml
  version: 4cd0c284b15f1735b8cc247df097d262b8903f9f
testImports: []
